
Microsoft Visual Studio Solution File, Format Version 12.00
# Visual Studio Version 16
VisualStudioVersion = 16.0.30517.126
MinimumVisualStudioVersion = 10.0.40219.1
Project("{9A19103F-16F7-4668-BE54-9A1E7A4F7556}") = "AssetAPI", "AssetAPI\AssetAPI.csproj", "{CA91EF59-1365-4796-96C3-166BFD8A8835}"
EndProject
Global
	GlobalSection(SolutionConfigurationPlatforms) = preSolution
		Debug|Any CPU = Debug|Any CPU
		Release|Any CPU = Release|Any CPU
	EndGlobalSection
	GlobalSection(ProjectConfigurationPlatforms) = postSolution
		{CA91EF59-1365-4796-96C3-166BFD8A8835}.Debug|Any CPU.ActiveCfg = Debug|Any CPU
		{CA91EF59-1365-4796-96C3-166BFD8A8835}.Debug|Any CPU.Build.0 = Debug|Any CPU
		{CA91EF59-1365-4796-96C3-166BFD8A8835}.Release|Any CPU.ActiveCfg = Release|Any CPU
		{CA91EF59-1365-4796-96C3-166BFD8A8835}.Release|Any CPU.Build.0 = Release|Any CPU
	EndGlobalSection
	GlobalSection(SolutionProperties) = preSolution
		HideSolutionNode = FALSE
	EndGlobalSection
	GlobalSection(ExtensibilityGlobals) = postSolution
		SolutionGuid = {F7F3A227-970F-421B-84A7-4EF47296EC96}
	EndGlobalSection
EndGlobal
